// !$*UTF8*$!
{
	archiveVersion = 1;
	classes = {
	};
	objectVersion = 48;
	objects = {

/* Begin PBXBuildFile section */
		153027E398BC7AFEDB2235C3 /* Pods_RemindMe.framework in Frameworks */ = {isa = PBXBuildFile; fileRef = 0172512CA1A5EC20F970D79E /* Pods_RemindMe.framework */; };
		201224DC21DCB86800ED95FC /* SQLitePersistanceManager.swift in Sources */ = {isa = PBXBuildFile; fileRef = 201224DB21DCB86800ED95FC /* SQLitePersistanceManager.swift */; };
		201224DE21DDC82300ED95FC /* MemoryModel.swift in Sources */ = {isa = PBXBuildFile; fileRef = 201224DD21DDC82300ED95FC /* MemoryModel.swift */; };
		201224E121DDD6F800ED95FC /* SQLiteDatabase.swift in Sources */ = {isa = PBXBuildFile; fileRef = 201224E021DDD6F800ED95FC /* SQLiteDatabase.swift */; };
		201224E421DE11F300ED95FC /* SQLTable.swift in Sources */ = {isa = PBXBuildFile; fileRef = 201224E321DE11F300ED95FC /* SQLTable.swift */; };
		20382728214D62D70012FC5F /* FirstVC.swift in Sources */ = {isa = PBXBuildFile; fileRef = 20382727214D62D70012FC5F /* FirstVC.swift */; };
		2038272B214D796D0012FC5F /* SearchMemoryController.swift in Sources */ = {isa = PBXBuildFile; fileRef = 2038272A214D796D0012FC5F /* SearchMemoryController.swift */; };
		2038272D214D7C8F0012FC5F /* AddMemoryController.swift in Sources */ = {isa = PBXBuildFile; fileRef = 2038272C214D7C8F0012FC5F /* AddMemoryController.swift */; };
		2038272F214E1C240012FC5F /* UITextFiled+Underline.swift in Sources */ = {isa = PBXBuildFile; fileRef = 2038272E214E1C240012FC5F /* UITextFiled+Underline.swift */; };
		2042EA2B2146BBE600576DA7 /* GradientView.swift in Sources */ = {isa = PBXBuildFile; fileRef = 2042EA2A2146BBE600576DA7 /* GradientView.swift */; };
		2042EA2D2146C08200576DA7 /* SplashScreen.swift in Sources */ = {isa = PBXBuildFile; fileRef = 2042EA2C2146C08200576DA7 /* SplashScreen.swift */; };
		206B112E20747A0D00CD155D /* MemoryBankManager.swift in Sources */ = {isa = PBXBuildFile; fileRef = 206B112D20747A0D00CD155D /* MemoryBankManager.swift */; };
		206B1131207489FA00CD155D /* PersistanceFactory.swift in Sources */ = {isa = PBXBuildFile; fileRef = 206B1130207489FA00CD155D /* PersistanceFactory.swift */; };
		206B113320748A1700CD155D /* Persistance.swift in Sources */ = {isa = PBXBuildFile; fileRef = 206B113220748A1700CD155D /* Persistance.swift */; };
		206B113620748A8A00CD155D /* Memory.swift in Sources */ = {isa = PBXBuildFile; fileRef = 206B113520748A8A00CD155D /* Memory.swift */; };
		206B113820748AFE00CD155D /* FirebasePersistanceManager.swift in Sources */ = {isa = PBXBuildFile; fileRef = 206B113720748AFE00CD155D /* FirebasePersistanceManager.swift */; };
		206B113A20749AEE00CD155D /* GoogleService-Info.plist in Resources */ = {isa = PBXBuildFile; fileRef = 206B113920749AEE00CD155D /* GoogleService-Info.plist */; };
		20711A8020738DEC008E25A1 /* AppDelegate.swift in Sources */ = {isa = PBXBuildFile; fileRef = 20711A7F20738DEC008E25A1 /* AppDelegate.swift */; };
		20711A8220738DEC008E25A1 /* ViewController.swift in Sources */ = {isa = PBXBuildFile; fileRef = 20711A8120738DEC008E25A1 /* ViewController.swift */; };
		20711A8520738DEC008E25A1 /* Main.storyboard in Resources */ = {isa = PBXBuildFile; fileRef = 20711A8320738DEC008E25A1 /* Main.storyboard */; };
		20711A8720738DEC008E25A1 /* Assets.xcassets in Resources */ = {isa = PBXBuildFile; fileRef = 20711A8620738DEC008E25A1 /* Assets.xcassets */; };
		20711A8A20738DEC008E25A1 /* LaunchScreen.storyboard in Resources */ = {isa = PBXBuildFile; fileRef = 20711A8820738DEC008E25A1 /* LaunchScreen.storyboard */; };
/* End PBXBuildFile section */

/* Begin PBXFileReference section */
		0172512CA1A5EC20F970D79E /* Pods_RemindMe.framework */ = {isa = PBXFileReference; explicitFileType = wrapper.framework; includeInIndex = 0; path = Pods_RemindMe.framework; sourceTree = BUILT_PRODUCTS_DIR; };
		13AD78E789CD492BB8A5D3B9 /* Pods-RemindMe.release.xcconfig */ = {isa = PBXFileReference; includeInIndex = 1; lastKnownFileType = text.xcconfig; name = "Pods-RemindMe.release.xcconfig"; path = "Pods/Target Support Files/Pods-RemindMe/Pods-RemindMe.release.xcconfig"; sourceTree = "<group>"; };
		201224DB21DCB86800ED95FC /* SQLitePersistanceManager.swift */ = {isa = PBXFileReference; lastKnownFileType = sourcecode.swift; path = SQLitePersistanceManager.swift; sourceTree = "<group>"; };
		201224DD21DDC82300ED95FC /* MemoryModel.swift */ = {isa = PBXFileReference; lastKnownFileType = sourcecode.swift; path = MemoryModel.swift; sourceTree = "<group>"; };
		201224E021DDD6F800ED95FC /* SQLiteDatabase.swift */ = {isa = PBXFileReference; lastKnownFileType = sourcecode.swift; path = SQLiteDatabase.swift; sourceTree = "<group>"; };
		201224E321DE11F300ED95FC /* SQLTable.swift */ = {isa = PBXFileReference; lastKnownFileType = sourcecode.swift; path = SQLTable.swift; sourceTree = "<group>"; };
		20382727214D62D70012FC5F /* FirstVC.swift */ = {isa = PBXFileReference; lastKnownFileType = sourcecode.swift; path = FirstVC.swift; sourceTree = "<group>"; };
		2038272A214D796D0012FC5F /* SearchMemoryController.swift */ = {isa = PBXFileReference; lastKnownFileType = sourcecode.swift; path = SearchMemoryController.swift; sourceTree = "<group>"; };
		2038272C214D7C8F0012FC5F /* AddMemoryController.swift */ = {isa = PBXFileReference; lastKnownFileType = sourcecode.swift; path = AddMemoryController.swift; sourceTree = "<group>"; };
		2038272E214E1C240012FC5F /* UITextFiled+Underline.swift */ = {isa = PBXFileReference; lastKnownFileType = sourcecode.swift; path = "UITextFiled+Underline.swift"; sourceTree = "<group>"; };
		2042EA2A2146BBE600576DA7 /* GradientView.swift */ = {isa = PBXFileReference; lastKnownFileType = sourcecode.swift; path = GradientView.swift; sourceTree = "<group>"; };
		2042EA2C2146C08200576DA7 /* SplashScreen.swift */ = {isa = PBXFileReference; lastKnownFileType = sourcecode.swift; path = SplashScreen.swift; sourceTree = "<group>"; };
		206B112B207477FA00CD155D /* RecollectionTests.swift */ = {isa = PBXFileReference; lastKnownFileType = sourcecode.swift; path = RecollectionTests.swift; sourceTree = "<group>"; };
		206B112D20747A0D00CD155D /* MemoryBankManager.swift */ = {isa = PBXFileReference; lastKnownFileType = sourcecode.swift; path = MemoryBankManager.swift; sourceTree = "<group>"; };
		206B1130207489FA00CD155D /* PersistanceFactory.swift */ = {isa = PBXFileReference; lastKnownFileType = sourcecode.swift; path = PersistanceFactory.swift; sourceTree = "<group>"; };
		206B113220748A1700CD155D /* Persistance.swift */ = {isa = PBXFileReference; lastKnownFileType = sourcecode.swift; path = Persistance.swift; sourceTree = "<group>"; };
		206B113520748A8A00CD155D /* Memory.swift */ = {isa = PBXFileReference; lastKnownFileType = sourcecode.swift; path = Memory.swift; sourceTree = "<group>"; };
		206B113720748AFE00CD155D /* FirebasePersistanceManager.swift */ = {isa = PBXFileReference; lastKnownFileType = sourcecode.swift; path = FirebasePersistanceManager.swift; sourceTree = "<group>"; };
		206B113920749AEE00CD155D /* GoogleService-Info.plist */ = {isa = PBXFileReference; fileEncoding = 4; lastKnownFileType = text.plist.xml; path = "GoogleService-Info.plist"; sourceTree = SOURCE_ROOT; };
		20711A7C20738DEC008E25A1 /* RemindMe.app */ = {isa = PBXFileReference; explicitFileType = wrapper.application; includeInIndex = 0; path = RemindMe.app; sourceTree = BUILT_PRODUCTS_DIR; };
		20711A7F20738DEC008E25A1 /* AppDelegate.swift */ = {isa = PBXFileReference; lastKnownFileType = sourcecode.swift; path = AppDelegate.swift; sourceTree = "<group>"; };
		20711A8120738DEC008E25A1 /* ViewController.swift */ = {isa = PBXFileReference; lastKnownFileType = sourcecode.swift; path = ViewController.swift; sourceTree = "<group>"; };
		20711A8420738DEC008E25A1 /* Base */ = {isa = PBXFileReference; lastKnownFileType = file.storyboard; name = Base; path = Base.lproj/Main.storyboard; sourceTree = "<group>"; };
		20711A8620738DEC008E25A1 /* Assets.xcassets */ = {isa = PBXFileReference; lastKnownFileType = folder.assetcatalog; path = Assets.xcassets; sourceTree = "<group>"; };
		20711A8920738DEC008E25A1 /* Base */ = {isa = PBXFileReference; lastKnownFileType = file.storyboard; name = Base; path = Base.lproj/LaunchScreen.storyboard; sourceTree = "<group>"; };
		20711A8B20738DEC008E25A1 /* Info.plist */ = {isa = PBXFileReference; lastKnownFileType = text.plist.xml; path = Info.plist; sourceTree = "<group>"; };
		20711A9420738DEC008E25A1 /* RemindMeTests.swift */ = {isa = PBXFileReference; lastKnownFileType = sourcecode.swift; path = RemindMeTests.swift; sourceTree = "<group>"; };
		20711A9620738DEC008E25A1 /* Info.plist */ = {isa = PBXFileReference; lastKnownFileType = text.plist.xml; path = Info.plist; sourceTree = "<group>"; };
		20711A9F20738DEC008E25A1 /* RemindMeUITests.swift */ = {isa = PBXFileReference; lastKnownFileType = sourcecode.swift; path = RemindMeUITests.swift; sourceTree = "<group>"; };
		20711AA120738DEC008E25A1 /* Info.plist */ = {isa = PBXFileReference; lastKnownFileType = text.plist.xml; path = Info.plist; sourceTree = "<group>"; };
		3BD9D207CD24839933EFDA7D /* Pods-RemindMeUITests.release.xcconfig */ = {isa = PBXFileReference; includeInIndex = 1; lastKnownFileType = text.xcconfig; name = "Pods-RemindMeUITests.release.xcconfig"; path = "Pods/Target Support Files/Pods-RemindMeUITests/Pods-RemindMeUITests.release.xcconfig"; sourceTree = "<group>"; };
		6C7AF9E3A98B85BE3D31AB1B /* Pods-RemindMe.debug.xcconfig */ = {isa = PBXFileReference; includeInIndex = 1; lastKnownFileType = text.xcconfig; name = "Pods-RemindMe.debug.xcconfig"; path = "Pods/Target Support Files/Pods-RemindMe/Pods-RemindMe.debug.xcconfig"; sourceTree = "<group>"; };
		757E26BB4A2D0F321CA0C84A /* Pods-RemindMeUITests.debug.xcconfig */ = {isa = PBXFileReference; includeInIndex = 1; lastKnownFileType = text.xcconfig; name = "Pods-RemindMeUITests.debug.xcconfig"; path = "Pods/Target Support Files/Pods-RemindMeUITests/Pods-RemindMeUITests.debug.xcconfig"; sourceTree = "<group>"; };
		91265AF48C02329AE592C693 /* Pods_RemindMeUITests.framework */ = {isa = PBXFileReference; explicitFileType = wrapper.framework; includeInIndex = 0; path = Pods_RemindMeUITests.framework; sourceTree = BUILT_PRODUCTS_DIR; };
		A220112542A0F3BF39FECDD8 /* Pods-RemindMeTests.release.xcconfig */ = {isa = PBXFileReference; includeInIndex = 1; lastKnownFileType = text.xcconfig; name = "Pods-RemindMeTests.release.xcconfig"; path = "Pods/Target Support Files/Pods-RemindMeTests/Pods-RemindMeTests.release.xcconfig"; sourceTree = "<group>"; };
		C7CF0BC2C2EFABBBDC63CF4C /* Pods_RemindMeTests.framework */ = {isa = PBXFileReference; explicitFileType = wrapper.framework; includeInIndex = 0; path = Pods_RemindMeTests.framework; sourceTree = BUILT_PRODUCTS_DIR; };
		D83FFED4539901C57B7350C9 /* Pods-RemindMeTests.debug.xcconfig */ = {isa = PBXFileReference; includeInIndex = 1; lastKnownFileType = text.xcconfig; name = "Pods-RemindMeTests.debug.xcconfig"; path = "Pods/Target Support Files/Pods-RemindMeTests/Pods-RemindMeTests.debug.xcconfig"; sourceTree = "<group>"; };
/* End PBXFileReference section */

/* Begin PBXFrameworksBuildPhase section */
		20711A7920738DEC008E25A1 /* Frameworks */ = {
			isa = PBXFrameworksBuildPhase;
			buildActionMask = 2147483647;
			files = (
				153027E398BC7AFEDB2235C3 /* Pods_RemindMe.framework in Frameworks */,
			);
			runOnlyForDeploymentPostprocessing = 0;
		};
/* End PBXFrameworksBuildPhase section */

/* Begin PBXGroup section */
		201224DF21DDC89300ED95FC /* Models */ = {
			isa = PBXGroup;
			children = (
				201224DD21DDC82300ED95FC /* MemoryModel.swift */,
			);
			path = Models;
			sourceTree = "<group>";
		};
		201224E221DE11E200ED95FC /* SQLite */ = {
			isa = PBXGroup;
			children = (
				201224DB21DCB86800ED95FC /* SQLitePersistanceManager.swift */,
				201224E021DDD6F800ED95FC /* SQLiteDatabase.swift */,
				201224E321DE11F300ED95FC /* SQLTable.swift */,
			);
			path = SQLite;
			sourceTree = "<group>";
		};
		206B112F207489D900CD155D /* Persistance */ = {
			isa = PBXGroup;
			children = (
				201224E221DE11E200ED95FC /* SQLite */,
				201224DF21DDC89300ED95FC /* Models */,
				206B1130207489FA00CD155D /* PersistanceFactory.swift */,
				206B113220748A1700CD155D /* Persistance.swift */,
				206B113720748AFE00CD155D /* FirebasePersistanceManager.swift */,
			);
			path = Persistance;
			sourceTree = "<group>";
		};
		206B113420748A8000CD155D /* Memory */ = {
			isa = PBXGroup;
			children = (
				206B113520748A8A00CD155D /* Memory.swift */,
				206B112D20747A0D00CD155D /* MemoryBankManager.swift */,
			);
			path = Memory;
			sourceTree = "<group>";
		};
		20711A7320738DEC008E25A1 = {
			isa = PBXGroup;
			children = (
				206B113420748A8000CD155D /* Memory */,
				206B112F207489D900CD155D /* Persistance */,
				20711A7E20738DEC008E25A1 /* RemindMe */,
				20711A9320738DEC008E25A1 /* RemindMeTests */,
				20711A9E20738DEC008E25A1 /* RemindMeUITests */,
				20711A7D20738DEC008E25A1 /* Products */,
				382682ED21D29D0E2FE45484 /* Pods */,
				DD1C59A62DEBC1D03435FD7D /* Frameworks */,
			);
			sourceTree = "<group>";
		};
		20711A7D20738DEC008E25A1 /* Products */ = {
			isa = PBXGroup;
			children = (
				20711A7C20738DEC008E25A1 /* RemindMe.app */,
			);
			name = Products;
			sourceTree = "<group>";
		};
		20711A7E20738DEC008E25A1 /* RemindMe */ = {
			isa = PBXGroup;
			children = (
				206B113920749AEE00CD155D /* GoogleService-Info.plist */,
				20711A7F20738DEC008E25A1 /* AppDelegate.swift */,
				20711A8120738DEC008E25A1 /* ViewController.swift */,
				20711A8320738DEC008E25A1 /* Main.storyboard */,
				20711A8620738DEC008E25A1 /* Assets.xcassets */,
				20711A8820738DEC008E25A1 /* LaunchScreen.storyboard */,
				20711A8B20738DEC008E25A1 /* Info.plist */,
				2042EA2A2146BBE600576DA7 /* GradientView.swift */,
				2042EA2C2146C08200576DA7 /* SplashScreen.swift */,
				20382727214D62D70012FC5F /* FirstVC.swift */,
				2038272A214D796D0012FC5F /* SearchMemoryController.swift */,
				2038272C214D7C8F0012FC5F /* AddMemoryController.swift */,
				2038272E214E1C240012FC5F /* UITextFiled+Underline.swift */,
			);
			path = RemindMe;
			sourceTree = "<group>";
		};
		20711A9320738DEC008E25A1 /* RemindMeTests */ = {
			isa = PBXGroup;
			children = (
				206B112B207477FA00CD155D /* RecollectionTests.swift */,
				20711A9420738DEC008E25A1 /* RemindMeTests.swift */,
				20711A9620738DEC008E25A1 /* Info.plist */,
			);
			path = RemindMeTests;
			sourceTree = "<group>";
		};
		20711A9E20738DEC008E25A1 /* RemindMeUITests */ = {
			isa = PBXGroup;
			children = (
				20711A9F20738DEC008E25A1 /* RemindMeUITests.swift */,
				20711AA120738DEC008E25A1 /* Info.plist */,
			);
			path = RemindMeUITests;
			sourceTree = "<group>";
		};
		382682ED21D29D0E2FE45484 /* Pods */ = {
			isa = PBXGroup;
			children = (
				6C7AF9E3A98B85BE3D31AB1B /* Pods-RemindMe.debug.xcconfig */,
				13AD78E789CD492BB8A5D3B9 /* Pods-RemindMe.release.xcconfig */,
				D83FFED4539901C57B7350C9 /* Pods-RemindMeTests.debug.xcconfig */,
				A220112542A0F3BF39FECDD8 /* Pods-RemindMeTests.release.xcconfig */,
				757E26BB4A2D0F321CA0C84A /* Pods-RemindMeUITests.debug.xcconfig */,
				3BD9D207CD24839933EFDA7D /* Pods-RemindMeUITests.release.xcconfig */,
			);
			name = Pods;
			sourceTree = "<group>";
		};
		DD1C59A62DEBC1D03435FD7D /* Frameworks */ = {
			isa = PBXGroup;
			children = (
				0172512CA1A5EC20F970D79E /* Pods_RemindMe.framework */,
				C7CF0BC2C2EFABBBDC63CF4C /* Pods_RemindMeTests.framework */,
				91265AF48C02329AE592C693 /* Pods_RemindMeUITests.framework */,
			);
			name = Frameworks;
			sourceTree = "<group>";
		};
/* End PBXGroup section */

/* Begin PBXNativeTarget section */
		20711A7B20738DEC008E25A1 /* RemindMe */ = {
			isa = PBXNativeTarget;
			buildConfigurationList = 20711AA420738DEC008E25A1 /* Build configuration list for PBXNativeTarget "RemindMe" */;
			buildPhases = (
				3CDEFE2CA288C3867D4113E4 /* [CP] Check Pods Manifest.lock */,
				20711A7820738DEC008E25A1 /* Sources */,
				20711A7920738DEC008E25A1 /* Frameworks */,
				20711A7A20738DEC008E25A1 /* Resources */,
				902079F5E8E8FF096D888775 /* [CP] Embed Pods Frameworks */,
			);
			buildRules = (
			);
			dependencies = (
			);
			name = RemindMe;
			productName = RemindMe;
			productReference = 20711A7C20738DEC008E25A1 /* RemindMe.app */;
			productType = "com.apple.product-type.application";
		};
/* End PBXNativeTarget section */

/* Begin PBXProject section */
		20711A7420738DEC008E25A1 /* Project object */ = {
			isa = PBXProject;
			attributes = {
				LastSwiftUpdateCheck = 0920;
				LastUpgradeCheck = 0920;
				ORGANIZATIONNAME = "Raghu, Reshma L";
				TargetAttributes = {
					20711A7B20738DEC008E25A1 = {
						CreatedOnToolsVersion = 9.2;
						ProvisioningStyle = Automatic;
					};
				};
			};
			buildConfigurationList = 20711A7720738DEC008E25A1 /* Build configuration list for PBXProject "RemindMe" */;
			compatibilityVersion = "Xcode 8.0";
			developmentRegion = en;
			hasScannedForEncodings = 0;
			knownRegions = (
				en,
				Base,
			);
			mainGroup = 20711A7320738DEC008E25A1;
			productRefGroup = 20711A7D20738DEC008E25A1 /* Products */;
			projectDirPath = "";
			projectRoot = "";
			targets = (
				20711A7B20738DEC008E25A1 /* RemindMe */,
			);
		};
/* End PBXProject section */

/* Begin PBXResourcesBuildPhase section */
		20711A7A20738DEC008E25A1 /* Resources */ = {
			isa = PBXResourcesBuildPhase;
			buildActionMask = 2147483647;
			files = (
				20711A8A20738DEC008E25A1 /* LaunchScreen.storyboard in Resources */,
				206B113A20749AEE00CD155D /* GoogleService-Info.plist in Resources */,
				20711A8720738DEC008E25A1 /* Assets.xcassets in Resources */,
				20711A8520738DEC008E25A1 /* Main.storyboard in Resources */,
			);
			runOnlyForDeploymentPostprocessing = 0;
		};
/* End PBXResourcesBuildPhase section */

/* Begin PBXShellScriptBuildPhase section */
		3CDEFE2CA288C3867D4113E4 /* [CP] Check Pods Manifest.lock */ = {
			isa = PBXShellScriptBuildPhase;
			buildActionMask = 2147483647;
			files = (
			);
			inputPaths = (
				"${PODS_PODFILE_DIR_PATH}/Podfile.lock",
				"${PODS_ROOT}/Manifest.lock",
			);
			name = "[CP] Check Pods Manifest.lock";
			outputPaths = (
				"$(DERIVED_FILE_DIR)/Pods-RemindMe-checkManifestLockResult.txt",
			);
			runOnlyForDeploymentPostprocessing = 0;
			shellPath = /bin/sh;
			shellScript = "diff \"${PODS_PODFILE_DIR_PATH}/Podfile.lock\" \"${PODS_ROOT}/Manifest.lock\" > /dev/null\nif [ $? != 0 ] ; then\n    # print error to STDERR\n    echo \"error: The sandbox is not in sync with the Podfile.lock. Run 'pod install' or update your CocoaPods installation.\" >&2\n    exit 1\nfi\n# This output is used by Xcode 'outputs' to avoid re-running this script phase.\necho \"SUCCESS\" > \"${SCRIPT_OUTPUT_FILE_0}\"\n";
			showEnvVarsInLog = 0;
		};
		902079F5E8E8FF096D888775 /* [CP] Embed Pods Frameworks */ = {
			isa = PBXShellScriptBuildPhase;
			buildActionMask = 2147483647;
			files = (
			);
			inputPaths = (
				"${SRCROOT}/Pods/Target Support Files/Pods-RemindMe/Pods-RemindMe-frameworks.sh",
				"${BUILT_PRODUCTS_DIR}/BoringSSL/openssl.framework",
				"${BUILT_PRODUCTS_DIR}/GoogleUtilities/GoogleUtilities.framework",
				"${BUILT_PRODUCTS_DIR}/Protobuf/Protobuf.framework",
				"${BUILT_PRODUCTS_DIR}/RAMAnimatedTabBarController/RAMAnimatedTabBarController.framework",
				"${BUILT_PRODUCTS_DIR}/RAMReel/RAMReel.framework",
				"${BUILT_PRODUCTS_DIR}/RazzleDazzle/RazzleDazzle.framework",
				"${BUILT_PRODUCTS_DIR}/Spring/Spring.framework",
				"${BUILT_PRODUCTS_DIR}/gRPC/GRPCClient.framework",
				"${BUILT_PRODUCTS_DIR}/gRPC-C++/grpcpp.framework",
				"${BUILT_PRODUCTS_DIR}/gRPC-Core/grpc.framework",
				"${BUILT_PRODUCTS_DIR}/gRPC-ProtoRPC/ProtoRPC.framework",
				"${BUILT_PRODUCTS_DIR}/gRPC-RxLibrary/RxLibrary.framework",
				"${BUILT_PRODUCTS_DIR}/leveldb-library/leveldb.framework",
				"${BUILT_PRODUCTS_DIR}/nanopb/nanopb.framework",
			);
			name = "[CP] Embed Pods Frameworks";
			outputPaths = (
				"${TARGET_BUILD_DIR}/${FRAMEWORKS_FOLDER_PATH}/openssl.framework",
				"${TARGET_BUILD_DIR}/${FRAMEWORKS_FOLDER_PATH}/GoogleUtilities.framework",
				"${TARGET_BUILD_DIR}/${FRAMEWORKS_FOLDER_PATH}/Protobuf.framework",
				"${TARGET_BUILD_DIR}/${FRAMEWORKS_FOLDER_PATH}/RAMAnimatedTabBarController.framework",
				"${TARGET_BUILD_DIR}/${FRAMEWORKS_FOLDER_PATH}/RAMReel.framework",
				"${TARGET_BUILD_DIR}/${FRAMEWORKS_FOLDER_PATH}/RazzleDazzle.framework",
				"${TARGET_BUILD_DIR}/${FRAMEWORKS_FOLDER_PATH}/Spring.framework",
				"${TARGET_BUILD_DIR}/${FRAMEWORKS_FOLDER_PATH}/GRPCClient.framework",
				"${TARGET_BUILD_DIR}/${FRAMEWORKS_FOLDER_PATH}/grpcpp.framework",
				"${TARGET_BUILD_DIR}/${FRAMEWORKS_FOLDER_PATH}/grpc.framework",
				"${TARGET_BUILD_DIR}/${FRAMEWORKS_FOLDER_PATH}/ProtoRPC.framework",
				"${TARGET_BUILD_DIR}/${FRAMEWORKS_FOLDER_PATH}/RxLibrary.framework",
				"${TARGET_BUILD_DIR}/${FRAMEWORKS_FOLDER_PATH}/leveldb.framework",
				"${TARGET_BUILD_DIR}/${FRAMEWORKS_FOLDER_PATH}/nanopb.framework",
			);
			runOnlyForDeploymentPostprocessing = 0;
			shellPath = /bin/sh;
			shellScript = "\"${SRCROOT}/Pods/Target Support Files/Pods-RemindMe/Pods-RemindMe-frameworks.sh\"\n";
			showEnvVarsInLog = 0;
		};
/* End PBXShellScriptBuildPhase section */

/* Begin PBXSourcesBuildPhase section */
		20711A7820738DEC008E25A1 /* Sources */ = {
			isa = PBXSourcesBuildPhase;
			buildActionMask = 2147483647;
			files = (
				2042EA2D2146C08200576DA7 /* SplashScreen.swift in Sources */,
				201224E421DE11F300ED95FC /* SQLTable.swift in Sources */,
				206B113620748A8A00CD155D /* Memory.swift in Sources */,
				201224DE21DDC82300ED95FC /* MemoryModel.swift in Sources */,
				2038272D214D7C8F0012FC5F /* AddMemoryController.swift in Sources */,
				206B1131207489FA00CD155D /* PersistanceFactory.swift in Sources */,
				20382728214D62D70012FC5F /* FirstVC.swift in Sources */,
				201224E121DDD6F800ED95FC /* SQLiteDatabase.swift in Sources */,
				206B113820748AFE00CD155D /* FirebasePersistanceManager.swift in Sources */,
				20711A8220738DEC008E25A1 /* ViewController.swift in Sources */,
				2038272F214E1C240012FC5F /* UITextFiled+Underline.swift in Sources */,
				206B112E20747A0D00CD155D /* MemoryBankManager.swift in Sources */,
				206B113320748A1700CD155D /* Persistance.swift in Sources */,
				2038272B214D796D0012FC5F /* SearchMemoryController.swift in Sources */,
				201224DC21DCB86800ED95FC /* SQLitePersistanceManager.swift in Sources */,
				20711A8020738DEC008E25A1 /* AppDelegate.swift in Sources */,
				2042EA2B2146BBE600576DA7 /* GradientView.swift in Sources */,
			);
			runOnlyForDeploymentPostprocessing = 0;
		};
/* End PBXSourcesBuildPhase section */

/* Begin PBXVariantGroup section */
		20711A8320738DEC008E25A1 /* Main.storyboard */ = {
			isa = PBXVariantGroup;
			children = (
				20711A8420738DEC008E25A1 /* Base */,
			);
			name = Main.storyboard;
			sourceTree = "<group>";
		};
		20711A8820738DEC008E25A1 /* LaunchScreen.storyboard */ = {
			isa = PBXVariantGroup;
			children = (
				20711A8920738DEC008E25A1 /* Base */,
			);
			name = LaunchScreen.storyboard;
			sourceTree = "<group>";
		};
/* End PBXVariantGroup section */

/* Begin XCBuildConfiguration section */
		20711AA220738DEC008E25A1 /* Debug */ = {
			isa = XCBuildConfiguration;
			buildSettings = {
				ALWAYS_SEARCH_USER_PATHS = NO;
				CLANG_ANALYZER_NONNULL = YES;
				CLANG_ANALYZER_NUMBER_OBJECT_CONVERSION = YES_AGGRESSIVE;
				CLANG_CXX_LANGUAGE_STANDARD = "gnu++14";
				CLANG_CXX_LIBRARY = "libc++";
				CLANG_ENABLE_MODULES = YES;
				CLANG_ENABLE_OBJC_ARC = YES;
				CLANG_WARN_BLOCK_CAPTURE_AUTORELEASING = YES;
				CLANG_WARN_BOOL_CONVERSION = YES;
				CLANG_WARN_COMMA = YES;
				CLANG_WARN_CONSTANT_CONVERSION = YES;
				CLANG_WARN_DIRECT_OBJC_ISA_USAGE = YES_ERROR;
				CLANG_WARN_DOCUMENTATION_COMMENTS = YES;
				CLANG_WARN_EMPTY_BODY = YES;
				CLANG_WARN_ENUM_CONVERSION = YES;
				CLANG_WARN_INFINITE_RECURSION = YES;
				CLANG_WARN_INT_CONVERSION = YES;
				CLANG_WARN_NON_LITERAL_NULL_CONVERSION = YES;
				CLANG_WARN_OBJC_LITERAL_CONVERSION = YES;
				CLANG_WARN_OBJC_ROOT_CLASS = YES_ERROR;
				CLANG_WARN_RANGE_LOOP_ANALYSIS = YES;
				CLANG_WARN_STRICT_PROTOTYPES = YES;
				CLANG_WARN_SUSPICIOUS_MOVE = YES;
				CLANG_WARN_UNGUARDED_AVAILABILITY = YES_AGGRESSIVE;
				CLANG_WARN_UNREACHABLE_CODE = YES;
				CLANG_WARN__DUPLICATE_METHOD_MATCH = YES;
				CODE_SIGN_IDENTITY = "iPhone Developer";
				COPY_PHASE_STRIP = NO;
				DEBUG_INFORMATION_FORMAT = dwarf;
				ENABLE_STRICT_OBJC_MSGSEND = YES;
				ENABLE_TESTABILITY = YES;
				GCC_C_LANGUAGE_STANDARD = gnu11;
				GCC_DYNAMIC_NO_PIC = NO;
				GCC_NO_COMMON_BLOCKS = YES;
				GCC_OPTIMIZATION_LEVEL = 0;
				GCC_PREPROCESSOR_DEFINITIONS = (
					"DEBUG=1",
					"$(inherited)",
				);
				GCC_WARN_64_TO_32_BIT_CONVERSION = YES;
				GCC_WARN_ABOUT_RETURN_TYPE = YES_ERROR;
				GCC_WARN_UNDECLARED_SELECTOR = YES;
				GCC_WARN_UNINITIALIZED_AUTOS = YES_AGGRESSIVE;
				GCC_WARN_UNUSED_FUNCTION = YES;
				GCC_WARN_UNUSED_VARIABLE = YES;
				IPHONEOS_DEPLOYMENT_TARGET = 12.0;
				MTL_ENABLE_DEBUG_INFO = YES;
				ONLY_ACTIVE_ARCH = YES;
				SDKROOT = iphoneos;
				SWIFT_ACTIVE_COMPILATION_CONDITIONS = DEBUG;
				SWIFT_OPTIMIZATION_LEVEL = "-Onone";
			};
			name = Debug;
		};
		20711AA320738DEC008E25A1 /* Release */ = {
			isa = XCBuildConfiguration;
			buildSettings = {
				ALWAYS_SEARCH_USER_PATHS = NO;
				CLANG_ANALYZER_NONNULL = YES;
				CLANG_ANALYZER_NUMBER_OBJECT_CONVERSION = YES_AGGRESSIVE;
				CLANG_CXX_LANGUAGE_STANDARD = "gnu++14";
				CLANG_CXX_LIBRARY = "libc++";
				CLANG_ENABLE_MODULES = YES;
				CLANG_ENABLE_OBJC_ARC = YES;
				CLANG_WARN_BLOCK_CAPTURE_AUTORELEASING = YES;
				CLANG_WARN_BOOL_CONVERSION = YES;
				CLANG_WARN_COMMA = YES;
				CLANG_WARN_CONSTANT_CONVERSION = YES;
				CLANG_WARN_DIRECT_OBJC_ISA_USAGE = YES_ERROR;
				CLANG_WARN_DOCUMENTATION_COMMENTS = YES;
				CLANG_WARN_EMPTY_BODY = YES;
				CLANG_WARN_ENUM_CONVERSION = YES;
				CLANG_WARN_INFINITE_RECURSION = YES;
				CLANG_WARN_INT_CONVERSION = YES;
				CLANG_WARN_NON_LITERAL_NULL_CONVERSION = YES;
				CLANG_WARN_OBJC_LITERAL_CONVERSION = YES;
				CLANG_WARN_OBJC_ROOT_CLASS = YES_ERROR;
				CLANG_WARN_RANGE_LOOP_ANALYSIS = YES;
				CLANG_WARN_STRICT_PROTOTYPES = YES;
				CLANG_WARN_SUSPICIOUS_MOVE = YES;
				CLANG_WARN_UNGUARDED_AVAILABILITY = YES_AGGRESSIVE;
				CLANG_WARN_UNREACHABLE_CODE = YES;
				CLANG_WARN__DUPLICATE_METHOD_MATCH = YES;
				CODE_SIGN_IDENTITY = "iPhone Developer";
				COPY_PHASE_STRIP = NO;
				DEBUG_INFORMATION_FORMAT = "dwarf-with-dsym";
				ENABLE_NS_ASSERTIONS = NO;
				ENABLE_STRICT_OBJC_MSGSEND = YES;
				GCC_C_LANGUAGE_STANDARD = gnu11;
				GCC_NO_COMMON_BLOCKS = YES;
				GCC_WARN_64_TO_32_BIT_CONVERSION = YES;
				GCC_WARN_ABOUT_RETURN_TYPE = YES_ERROR;
				GCC_WARN_UNDECLARED_SELECTOR = YES;
				GCC_WARN_UNINITIALIZED_AUTOS = YES_AGGRESSIVE;
				GCC_WARN_UNUSED_FUNCTION = YES;
				GCC_WARN_UNUSED_VARIABLE = YES;
				IPHONEOS_DEPLOYMENT_TARGET = 12.0;
				MTL_ENABLE_DEBUG_INFO = NO;
				SDKROOT = iphoneos;
				SWIFT_OPTIMIZATION_LEVEL = "-Owholemodule";
				VALIDATE_PRODUCT = YES;
			};
			name = Release;
		};
		20711AA520738DEC008E25A1 /* Debug */ = {
			isa = XCBuildConfiguration;
			baseConfigurationReference = 6C7AF9E3A98B85BE3D31AB1B /* Pods-RemindMe.debug.xcconfig */;
			buildSettings = {
				ASSETCATALOG_COMPILER_APPICON_NAME = AppIcon;
				CODE_SIGN_IDENTITY = "iPhone Developer";
				CODE_SIGN_STYLE = Automatic;
				DEVELOPMENT_TEAM = 97XB6A7238;
				INFOPLIST_FILE = RemindMe/Info.plist;
				IPHONEOS_DEPLOYMENT_TARGET = 12.0;
				LD_RUNPATH_SEARCH_PATHS = "$(inherited) @executable_path/Frameworks";
				PRODUCT_BUNDLE_IDENTIFIER = com.hobbylobby.remindme.ios;
				PRODUCT_NAME = "$(TARGET_NAME)";
				PROVISIONING_PROFILE_SPECIFIER = "";
				SWIFT_VERSION = 4.0;
				TARGETED_DEVICE_FAMILY = "1,2";
			};
			name = Debug;
		};
		20711AA620738DEC008E25A1 /* Release */ = {
			isa = XCBuildConfiguration;
			baseConfigurationReference = 13AD78E789CD492BB8A5D3B9 /* Pods-RemindMe.release.xcconfig */;
			buildSettings = {
				ASSETCATALOG_COMPILER_APPICON_NAME = AppIcon;
				CODE_SIGN_IDENTITY = "iPhone Developer";
				CODE_SIGN_STYLE = Automatic;
				DEVELOPMENT_TEAM = 97XB6A7238;
				INFOPLIST_FILE = RemindMe/Info.plist;
				IPHONEOS_DEPLOYMENT_TARGET = 12.0;
				LD_RUNPATH_SEARCH_PATHS = "$(inherited) @executable_path/Frameworks";
				PRODUCT_BUNDLE_IDENTIFIER = com.hobbylobby.remindme.ios;
				PRODUCT_NAME = "$(TARGET_NAME)";
				PROVISIONING_PROFILE_SPECIFIER = "";
				SWIFT_VERSION = 4.0;
				TARGETED_DEVICE_FAMILY = "1,2";
			};
			name = Release;
		};
/* End XCBuildConfiguration section */

/* Begin XCConfigurationList section */
		20711A7720738DEC008E25A1 /* Build configuration list for PBXProject "RemindMe" */ = {
			isa = XCConfigurationList;
			buildConfigurations = (
				20711AA220738DEC008E25A1 /* Debug */,
				20711AA320738DEC008E25A1 /* Release */,
			);
			defaultConfigurationIsVisible = 0;
			defaultConfigurationName = Release;
		};
		20711AA420738DEC008E25A1 /* Build configuration list for PBXNativeTarget "RemindMe" */ = {
			isa = XCConfigurationList;
			buildConfigurations = (
				20711AA520738DEC008E25A1 /* Debug */,
				20711AA620738DEC008E25A1 /* Release */,
			);
			defaultConfigurationIsVisible = 0;
			defaultConfigurationName = Release;
		};
/* End XCConfigurationList section */
	};
	rootObject = 20711A7420738DEC008E25A1 /* Project object */;
}
